
Microsoft Visual Studio Solution File, Format Version 12.00
# Visual Studio Version 16
VisualStudioVersion = 16.0.30011.22
MinimumVisualStudioVersion = 10.0.40219.1
Project("{9A19103F-16F7-4668-BE54-9A1E7A4F7556}") = "ImobiliariaEtec", "ImobiliariaEtec\ImobiliariaEtec.csproj", "{45E7764B-43DA-4705-9768-904173C9B500}"
EndProject
Project("{9A19103F-16F7-4668-BE54-9A1E7A4F7556}") = "EmailService", "EmailService\EmailService.csproj", "{C56032FD-31BE-43B3-8B91-5B10ECD97AF9}"
EndProject
Global
	GlobalSection(SolutionConfigurationPlatforms) = preSolution
		Debug|Any CPU = Debug|Any CPU
		Release|Any CPU = Release|Any CPU
	EndGlobalSection
	GlobalSection(ProjectConfigurationPlatforms) = postSolution
		{45E7764B-43DA-4705-9768-904173C9B500}.Debug|Any CPU.ActiveCfg = Debug|Any CPU
		{45E7764B-43DA-4705-9768-904173C9B500}.Debug|Any CPU.Build.0 = Debug|Any CPU
		{45E7764B-43DA-4705-9768-904173C9B500}.Release|Any CPU.ActiveCfg = Release|Any CPU
		{45E7764B-43DA-4705-9768-904173C9B500}.Release|Any CPU.Build.0 = Release|Any CPU
		{C56032FD-31BE-43B3-8B91-5B10ECD97AF9}.Debug|Any CPU.ActiveCfg = Debug|Any CPU
		{C56032FD-31BE-43B3-8B91-5B10ECD97AF9}.Debug|Any CPU.Build.0 = Debug|Any CPU
		{C56032FD-31BE-43B3-8B91-5B10ECD97AF9}.Release|Any CPU.ActiveCfg = Release|Any CPU
		{C56032FD-31BE-43B3-8B91-5B10ECD97AF9}.Release|Any CPU.Build.0 = Release|Any CPU
	EndGlobalSection
	GlobalSection(SolutionProperties) = preSolution
		HideSolutionNode = FALSE
	EndGlobalSection
	GlobalSection(ExtensibilityGlobals) = postSolution
		SolutionGuid = {928F9E9D-297B-4409-A01F-D901BFFFA4F2}
	EndGlobalSection
EndGlobal
